
Microsoft Visual Studio Solution File, Format Version 12.00
# Visual Studio 15
VisualStudioVersion = 15.0.26730.16
MinimumVisualStudioVersion = 10.0.40219.1
Project("{9A19103F-16F7-4668-BE54-9A1E7A4F7556}") = "Banking", "Banking\Banking.csproj", "{88ECF9AA-E9E8-4A22-AEC8-F70157133DB3}"
EndProject
Project("{FAE04EC0-301F-11D3-BF4B-00C04F79EFBC}") = "Banking.Tests", "Banking.Tests\Banking.Tests.csproj", "{5DEE3C37-048E-4C83-8146-7FC597AFB228}"
EndProject
Global
	GlobalSection(SolutionConfigurationPlatforms) = preSolution
		Debug|Any CPU = Debug|Any CPU
		Release|Any CPU = Release|Any CPU
	EndGlobalSection
	GlobalSection(ProjectConfigurationPlatforms) = postSolution
		{88ECF9AA-E9E8-4A22-AEC8-F70157133DB3}.Debug|Any CPU.ActiveCfg = Debug|Any CPU
		{88ECF9AA-E9E8-4A22-AEC8-F70157133DB3}.Debug|Any CPU.Build.0 = Debug|Any CPU
		{88ECF9AA-E9E8-4A22-AEC8-F70157133DB3}.Release|Any CPU.ActiveCfg = Release|Any CPU
		{88ECF9AA-E9E8-4A22-AEC8-F70157133DB3}.Release|Any CPU.Build.0 = Release|Any CPU
		{5DEE3C37-048E-4C83-8146-7FC597AFB228}.Debug|Any CPU.ActiveCfg = Debug|Any CPU
		{5DEE3C37-048E-4C83-8146-7FC597AFB228}.Debug|Any CPU.Build.0 = Debug|Any CPU
		{5DEE3C37-048E-4C83-8146-7FC597AFB228}.Release|Any CPU.ActiveCfg = Release|Any CPU
		{5DEE3C37-048E-4C83-8146-7FC597AFB228}.Release|Any CPU.Build.0 = Release|Any CPU
	EndGlobalSection
	GlobalSection(SolutionProperties) = preSolution
		HideSolutionNode = FALSE
	EndGlobalSection
	GlobalSection(ExtensibilityGlobals) = postSolution
		SolutionGuid = {366967FC-C89A-497D-A70D-FCA0C4D24CC8}
	EndGlobalSection
EndGlobal
